
Microsoft Visual Studio Solution File, Format Version 12.00
# Visual Studio Version 17
VisualStudioVersion = 17.0.31903.59
MinimumVisualStudioVersion = 10.0.40219.1
Project("{2150E333-8FDC-42A3-9474-1A3956D46DE8}") = "src", "src", "{DC3F0649-5979-4855-BAD7-4BF88101402A}"
EndProject
Project("{FAE04EC0-301F-11D3-BF4B-00C04F79EFBC}") = "BadDeduction.Core", "src\BadDeduction.Core\BadDeduction.Core.csproj", "{617FA671-F11F-4E3A-8C53-3B841ACDDFD5}"
EndProject
Project("{2150E333-8FDC-42A3-9474-1A3956D46DE8}") = "tests", "tests", "{C769C60D-7158-4CC5-A1AD-5315CDEA1782}"
EndProject
Project("{FAE04EC0-301F-11D3-BF4B-00C04F79EFBC}") = "BadDeduction.Tests", "tests\BadDeduction.Tests\BadDeduction.Tests.csproj", "{1EB294AC-625E-4B40-BAA4-85E655F70F0E}"
EndProject
Global
	GlobalSection(SolutionConfigurationPlatforms) = preSolution
		Debug|Any CPU = Debug|Any CPU
		Release|Any CPU = Release|Any CPU
	EndGlobalSection
	GlobalSection(SolutionProperties) = preSolution
		HideSolutionNode = FALSE
	EndGlobalSection
	GlobalSection(ProjectConfigurationPlatforms) = postSolution
		{617FA671-F11F-4E3A-8C53-3B841ACDDFD5}.Debug|Any CPU.ActiveCfg = Debug|Any CPU
		{617FA671-F11F-4E3A-8C53-3B841ACDDFD5}.Debug|Any CPU.Build.0 = Debug|Any CPU
		{617FA671-F11F-4E3A-8C53-3B841ACDDFD5}.Release|Any CPU.ActiveCfg = Release|Any CPU
		{617FA671-F11F-4E3A-8C53-3B841ACDDFD5}.Release|Any CPU.Build.0 = Release|Any CPU
		{1EB294AC-625E-4B40-BAA4-85E655F70F0E}.Debug|Any CPU.ActiveCfg = Debug|Any CPU
		{1EB294AC-625E-4B40-BAA4-85E655F70F0E}.Debug|Any CPU.Build.0 = Debug|Any CPU
		{1EB294AC-625E-4B40-BAA4-85E655F70F0E}.Release|Any CPU.ActiveCfg = Release|Any CPU
		{1EB294AC-625E-4B40-BAA4-85E655F70F0E}.Release|Any CPU.Build.0 = Release|Any CPU
	EndGlobalSection
	GlobalSection(NestedProjects) = preSolution
		{617FA671-F11F-4E3A-8C53-3B841ACDDFD5} = {DC3F0649-5979-4855-BAD7-4BF88101402A}
		{1EB294AC-625E-4B40-BAA4-85E655F70F0E} = {C769C60D-7158-4CC5-A1AD-5315CDEA1782}
	EndGlobalSection
EndGlobal
